// !$*UTF8*$!
{
	archiveVersion = 1;
	classes = {
	};
	objectVersion = 56;
	objects = {

/* Begin PBXBuildFile section */
		B24619A22C5821B900A9AF23 /* AppDelegate.swift in Sources */ = {isa = PBXBuildFile; fileRef = B24619A12C5821B900A9AF23 /* AppDelegate.swift */; };
		B24619A42C5821B900A9AF23 /* SceneDelegate.swift in Sources */ = {isa = PBXBuildFile; fileRef = B24619A32C5821B900A9AF23 /* SceneDelegate.swift */; };
		B24619AC2C5821B900A9AF23 /* Pokedex.xcdatamodeld in Sources */ = {isa = PBXBuildFile; fileRef = B24619AA2C5821B900A9AF23 /* Pokedex.xcdatamodeld */; };
		B24619AE2C5821BC00A9AF23 /* Assets.xcassets in Resources */ = {isa = PBXBuildFile; fileRef = B24619AD2C5821BC00A9AF23 /* Assets.xcassets */; };
		B24619B12C5821BC00A9AF23 /* Base in Resources */ = {isa = PBXBuildFile; fileRef = B24619B02C5821BC00A9AF23 /* Base */; };
		B24619BC2C5821BC00A9AF23 /* PokedexTests.swift in Sources */ = {isa = PBXBuildFile; fileRef = B24619BB2C5821BC00A9AF23 /* PokedexTests.swift */; };
		B24619C62C5821BC00A9AF23 /* PokedexUITests.swift in Sources */ = {isa = PBXBuildFile; fileRef = B24619C52C5821BC00A9AF23 /* PokedexUITests.swift */; };
		B24619C82C5821BC00A9AF23 /* PokedexUITestsLaunchTests.swift in Sources */ = {isa = PBXBuildFile; fileRef = B24619C72C5821BC00A9AF23 /* PokedexUITestsLaunchTests.swift */; };
		B2F795B72C582820004701EF /* PokemonListRouter.swift in Sources */ = {isa = PBXBuildFile; fileRef = B2F795AB2C582820004701EF /* PokemonListRouter.swift */; };
		B2F795B82C582820004701EF /* PokemonListViewController.swift in Sources */ = {isa = PBXBuildFile; fileRef = B2F795AD2C582820004701EF /* PokemonListViewController.swift */; };
		B2F795B92C582820004701EF /* PokemonListViewModel.swift in Sources */ = {isa = PBXBuildFile; fileRef = B2F795AF2C582820004701EF /* PokemonListViewModel.swift */; };
		B2F795BA2C582820004701EF /* PokemonListImages.swift in Sources */ = {isa = PBXBuildFile; fileRef = B2F795B12C582820004701EF /* PokemonListImages.swift */; };
		B2F795BB2C582820004701EF /* PokemonList.strings in Resources */ = {isa = PBXBuildFile; fileRef = B2F795B32C582820004701EF /* PokemonList.strings */; };
		B2F795BC2C582820004701EF /* PokemonListStrings.swift in Sources */ = {isa = PBXBuildFile; fileRef = B2F795B42C582820004701EF /* PokemonListStrings.swift */; };
		B2F795D22C5831E0004701EF /* PokemonDetailRouter.swift in Sources */ = {isa = PBXBuildFile; fileRef = B2F795C62C5831E0004701EF /* PokemonDetailRouter.swift */; };
		B2F795D32C5831E0004701EF /* PokemonDetailViewModel.swift in Sources */ = {isa = PBXBuildFile; fileRef = B2F795C82C5831E0004701EF /* PokemonDetailViewModel.swift */; };
		B2F795D42C5831E0004701EF /* PokemonDetailImages.swift in Sources */ = {isa = PBXBuildFile; fileRef = B2F795CA2C5831E0004701EF /* PokemonDetailImages.swift */; };
		B2F795D52C5831E0004701EF /* PokemonDetail.strings in Resources */ = {isa = PBXBuildFile; fileRef = B2F795CC2C5831E0004701EF /* PokemonDetail.strings */; };
		B2F795D62C5831E0004701EF /* PokemonDetailStrings.swift in Sources */ = {isa = PBXBuildFile; fileRef = B2F795CD2C5831E0004701EF /* PokemonDetailStrings.swift */; };
		B2F795D72C5831E0004701EF /* PokemonDetailViewController.swift in Sources */ = {isa = PBXBuildFile; fileRef = B2F795D02C5831E0004701EF /* PokemonDetailViewController.swift */; };
		B2F795DA2C583B88004701EF /* HTTPClient.swift in Sources */ = {isa = PBXBuildFile; fileRef = B2F795D92C583B88004701EF /* HTTPClient.swift */; };
		B2F795DC2C583BD9004701EF /* NetworkResult.swift in Sources */ = {isa = PBXBuildFile; fileRef = B2F795DB2C583BD9004701EF /* NetworkResult.swift */; };
		B2F795DF2C583BF1004701EF /* HttpRequestMaper.swift in Sources */ = {isa = PBXBuildFile; fileRef = B2F795DE2C583BF1004701EF /* HttpRequestMaper.swift */; };
		B2F795E32C583C2F004701EF /* ApiError.swift in Sources */ = {isa = PBXBuildFile; fileRef = B2F795E22C583C2F004701EF /* ApiError.swift */; };
		B2F795E82C583CC2004701EF /* ApiEndpoint.swift in Sources */ = {isa = PBXBuildFile; fileRef = B2F795E72C583CC2004701EF /* ApiEndpoint.swift */; };
		B2F795EB2C583CFB004701EF /* PokemonListEndpointProvider.swift in Sources */ = {isa = PBXBuildFile; fileRef = B2F795EA2C583CFB004701EF /* PokemonListEndpointProvider.swift */; };
		B2F795EE2C583DBF004701EF /* PokemonService.swift in Sources */ = {isa = PBXBuildFile; fileRef = B2F795ED2C583DBF004701EF /* PokemonService.swift */; };
		B2F795F02C5859DD004701EF /* PokemonListMapper.swift in Sources */ = {isa = PBXBuildFile; fileRef = B2F795EF2C5859DD004701EF /* PokemonListMapper.swift */; };
		B2F795F32C5862E2004701EF /* CodeHandler.swift in Sources */ = {isa = PBXBuildFile; fileRef = B2F795F22C5862E2004701EF /* CodeHandler.swift */; };
		B2F795F52C586926004701EF /* PokemonTableViewCell.swift in Sources */ = {isa = PBXBuildFile; fileRef = B2F795F42C586926004701EF /* PokemonTableViewCell.swift */; };
		B2F795F82C586FD1004701EF /* UIImageView+Extensions.swift in Sources */ = {isa = PBXBuildFile; fileRef = B2F795F72C586FD1004701EF /* UIImageView+Extensions.swift */; };
		B2F795FA2C586FF4004701EF /* String+Extensions.swift in Sources */ = {isa = PBXBuildFile; fileRef = B2F795F92C586FF4004701EF /* String+Extensions.swift */; };
		B2F7960B2C598422004701EF /* TableView+Extensions.swift in Sources */ = {isa = PBXBuildFile; fileRef = B2F7960A2C598422004701EF /* TableView+Extensions.swift */; };
		B2F7963C2C59858D004701EF /* PokemonScannerRouter.swift in Sources */ = {isa = PBXBuildFile; fileRef = B2F796302C59858D004701EF /* PokemonScannerRouter.swift */; };
		B2F7963D2C59858D004701EF /* PokemonScannerViewController.swift in Sources */ = {isa = PBXBuildFile; fileRef = B2F796322C59858D004701EF /* PokemonScannerViewController.swift */; };
		B2F7963E2C59858D004701EF /* PokemonScannerImages.swift in Sources */ = {isa = PBXBuildFile; fileRef = B2F796342C59858D004701EF /* PokemonScannerImages.swift */; };
		B2F7963F2C59858D004701EF /* PokemonScanner.strings in Resources */ = {isa = PBXBuildFile; fileRef = B2F796362C59858D004701EF /* PokemonScanner.strings */; };
		B2F796402C59858D004701EF /* PokemonScannerStrings.swift in Sources */ = {isa = PBXBuildFile; fileRef = B2F796372C59858D004701EF /* PokemonScannerStrings.swift */; };
		B2F796412C59858D004701EF /* PokemonScannerViewModel.swift in Sources */ = {isa = PBXBuildFile; fileRef = B2F7963A2C59858D004701EF /* PokemonScannerViewModel.swift */; };
		B2F796432C598A37004701EF /* PokemonListHeaderView.swift in Sources */ = {isa = PBXBuildFile; fileRef = B2F796422C598A37004701EF /* PokemonListHeaderView.swift */; };
		B2F796452C598E25004701EF /* Array+Extensions.swift in Sources */ = {isa = PBXBuildFile; fileRef = B2F796442C598E25004701EF /* Array+Extensions.swift */; };
		B2F796472C5993FA004701EF /* PokemonClassifier2.mlmodel in Sources */ = {isa = PBXBuildFile; fileRef = B2F796462C5993FA004701EF /* PokemonClassifier2.mlmodel */; };
		B2F7964C2C59B7AD004701EF /* PokemonListResponse.swift in Sources */ = {isa = PBXBuildFile; fileRef = B2F7964B2C59B7AD004701EF /* PokemonListResponse.swift */; };
		B2F7964E2C59B7D5004701EF /* PokemonResponse.swift in Sources */ = {isa = PBXBuildFile; fileRef = B2F7964D2C59B7D5004701EF /* PokemonResponse.swift */; };
		B2F796502C59B800004701EF /* Pokemon.swift in Sources */ = {isa = PBXBuildFile; fileRef = B2F7964F2C59B800004701EF /* Pokemon.swift */; };
		B2F796522C59C4C3004701EF /* PokemonDetailEndpointProvider.swift in Sources */ = {isa = PBXBuildFile; fileRef = B2F796512C59C4C3004701EF /* PokemonDetailEndpointProvider.swift */; };
		B2F796542C5ABD70004701EF /* PokemonDetailResponse.swift in Sources */ = {isa = PBXBuildFile; fileRef = B2F796532C5ABD70004701EF /* PokemonDetailResponse.swift */; };
		B2F796562C5ABD9B004701EF /* PokemonDetail.swift in Sources */ = {isa = PBXBuildFile; fileRef = B2F796552C5ABD9B004701EF /* PokemonDetail.swift */; };
		B2F796582C5AC1C5004701EF /* UIColor+Extensions.swift in Sources */ = {isa = PBXBuildFile; fileRef = B2F796572C5AC1C5004701EF /* UIColor+Extensions.swift */; };
		B2F7965A2C5ACBCB004701EF /* Double+Extensions.swift in Sources */ = {isa = PBXBuildFile; fileRef = B2F796592C5ACBCB004701EF /* Double+Extensions.swift */; };
		B2F7965D2C5ACCB1004701EF /* TransparentAndRoudedStackView.swift in Sources */ = {isa = PBXBuildFile; fileRef = B2F7965C2C5ACCB1004701EF /* TransparentAndRoudedStackView.swift */; };
/* End PBXBuildFile section */

/* Begin PBXContainerItemProxy section */
		B24619B82C5821BC00A9AF23 /* PBXContainerItemProxy */ = {
			isa = PBXContainerItemProxy;
			containerPortal = B24619962C5821B900A9AF23 /* Project object */;
			proxyType = 1;
			remoteGlobalIDString = B246199D2C5821B900A9AF23;
			remoteInfo = Pokedex;
		};
		B24619C22C5821BC00A9AF23 /* PBXContainerItemProxy */ = {
			isa = PBXContainerItemProxy;
			containerPortal = B24619962C5821B900A9AF23 /* Project object */;
			proxyType = 1;
			remoteGlobalIDString = B246199D2C5821B900A9AF23;
			remoteInfo = Pokedex;
		};
/* End PBXContainerItemProxy section */

/* Begin PBXFileReference section */
		B246199E2C5821B900A9AF23 /* Pokedex.app */ = {isa = PBXFileReference; explicitFileType = wrapper.application; includeInIndex = 0; path = Pokedex.app; sourceTree = BUILT_PRODUCTS_DIR; };
		B24619A12C5821B900A9AF23 /* AppDelegate.swift */ = {isa = PBXFileReference; lastKnownFileType = sourcecode.swift; path = AppDelegate.swift; sourceTree = "<group>"; };
		B24619A32C5821B900A9AF23 /* SceneDelegate.swift */ = {isa = PBXFileReference; lastKnownFileType = sourcecode.swift; path = SceneDelegate.swift; sourceTree = "<group>"; };
		B24619AB2C5821B900A9AF23 /* Pokedex.xcdatamodel */ = {isa = PBXFileReference; lastKnownFileType = wrapper.xcdatamodel; path = Pokedex.xcdatamodel; sourceTree = "<group>"; };
		B24619AD2C5821BC00A9AF23 /* Assets.xcassets */ = {isa = PBXFileReference; lastKnownFileType = folder.assetcatalog; path = Assets.xcassets; sourceTree = "<group>"; };
		B24619B02C5821BC00A9AF23 /* Base */ = {isa = PBXFileReference; lastKnownFileType = file.storyboard; name = Base; path = Base.lproj/LaunchScreen.storyboard; sourceTree = "<group>"; };
		B24619B22C5821BC00A9AF23 /* Info.plist */ = {isa = PBXFileReference; lastKnownFileType = text.plist.xml; path = Info.plist; sourceTree = "<group>"; };
		B24619B72C5821BC00A9AF23 /* PokedexTests.xctest */ = {isa = PBXFileReference; explicitFileType = wrapper.cfbundle; includeInIndex = 0; path = PokedexTests.xctest; sourceTree = BUILT_PRODUCTS_DIR; };
		B24619BB2C5821BC00A9AF23 /* PokedexTests.swift */ = {isa = PBXFileReference; lastKnownFileType = sourcecode.swift; path = PokedexTests.swift; sourceTree = "<group>"; };
		B24619C12C5821BC00A9AF23 /* PokedexUITests.xctest */ = {isa = PBXFileReference; explicitFileType = wrapper.cfbundle; includeInIndex = 0; path = PokedexUITests.xctest; sourceTree = BUILT_PRODUCTS_DIR; };
		B24619C52C5821BC00A9AF23 /* PokedexUITests.swift */ = {isa = PBXFileReference; lastKnownFileType = sourcecode.swift; path = PokedexUITests.swift; sourceTree = "<group>"; };
		B24619C72C5821BC00A9AF23 /* PokedexUITestsLaunchTests.swift */ = {isa = PBXFileReference; lastKnownFileType = sourcecode.swift; path = PokedexUITestsLaunchTests.swift; sourceTree = "<group>"; };
		B2F795AB2C582820004701EF /* PokemonListRouter.swift */ = {isa = PBXFileReference; fileEncoding = 4; lastKnownFileType = sourcecode.swift; path = PokemonListRouter.swift; sourceTree = "<group>"; };
		B2F795AD2C582820004701EF /* PokemonListViewController.swift */ = {isa = PBXFileReference; fileEncoding = 4; lastKnownFileType = sourcecode.swift; path = PokemonListViewController.swift; sourceTree = "<group>"; };
		B2F795AF2C582820004701EF /* PokemonListViewModel.swift */ = {isa = PBXFileReference; fileEncoding = 4; lastKnownFileType = sourcecode.swift; path = PokemonListViewModel.swift; sourceTree = "<group>"; };
		B2F795B12C582820004701EF /* PokemonListImages.swift */ = {isa = PBXFileReference; fileEncoding = 4; lastKnownFileType = sourcecode.swift; path = PokemonListImages.swift; sourceTree = "<group>"; };
		B2F795B32C582820004701EF /* PokemonList.strings */ = {isa = PBXFileReference; fileEncoding = 4; lastKnownFileType = text.plist.strings; path = PokemonList.strings; sourceTree = "<group>"; };
		B2F795B42C582820004701EF /* PokemonListStrings.swift */ = {isa = PBXFileReference; fileEncoding = 4; lastKnownFileType = sourcecode.swift; path = PokemonListStrings.swift; sourceTree = "<group>"; };
		B2F795C62C5831E0004701EF /* PokemonDetailRouter.swift */ = {isa = PBXFileReference; fileEncoding = 4; lastKnownFileType = sourcecode.swift; path = PokemonDetailRouter.swift; sourceTree = "<group>"; };
		B2F795C82C5831E0004701EF /* PokemonDetailViewModel.swift */ = {isa = PBXFileReference; fileEncoding = 4; lastKnownFileType = sourcecode.swift; path = PokemonDetailViewModel.swift; sourceTree = "<group>"; };
		B2F795CA2C5831E0004701EF /* PokemonDetailImages.swift */ = {isa = PBXFileReference; fileEncoding = 4; lastKnownFileType = sourcecode.swift; path = PokemonDetailImages.swift; sourceTree = "<group>"; };
		B2F795CC2C5831E0004701EF /* PokemonDetail.strings */ = {isa = PBXFileReference; fileEncoding = 4; lastKnownFileType = text.plist.strings; path = PokemonDetail.strings; sourceTree = "<group>"; };
		B2F795CD2C5831E0004701EF /* PokemonDetailStrings.swift */ = {isa = PBXFileReference; fileEncoding = 4; lastKnownFileType = sourcecode.swift; path = PokemonDetailStrings.swift; sourceTree = "<group>"; };
		B2F795D02C5831E0004701EF /* PokemonDetailViewController.swift */ = {isa = PBXFileReference; fileEncoding = 4; lastKnownFileType = sourcecode.swift; path = PokemonDetailViewController.swift; sourceTree = "<group>"; };
		B2F795D92C583B88004701EF /* HTTPClient.swift */ = {isa = PBXFileReference; lastKnownFileType = sourcecode.swift; path = HTTPClient.swift; sourceTree = "<group>"; };
		B2F795DB2C583BD9004701EF /* NetworkResult.swift */ = {isa = PBXFileReference; lastKnownFileType = sourcecode.swift; path = NetworkResult.swift; sourceTree = "<group>"; };
		B2F795DE2C583BF1004701EF /* HttpRequestMaper.swift */ = {isa = PBXFileReference; lastKnownFileType = sourcecode.swift; path = HttpRequestMaper.swift; sourceTree = "<group>"; };
		B2F795E22C583C2F004701EF /* ApiError.swift */ = {isa = PBXFileReference; lastKnownFileType = sourcecode.swift; path = ApiError.swift; sourceTree = "<group>"; };
		B2F795E72C583CC2004701EF /* ApiEndpoint.swift */ = {isa = PBXFileReference; lastKnownFileType = sourcecode.swift; path = ApiEndpoint.swift; sourceTree = "<group>"; };
		B2F795EA2C583CFB004701EF /* PokemonListEndpointProvider.swift */ = {isa = PBXFileReference; lastKnownFileType = sourcecode.swift; path = PokemonListEndpointProvider.swift; sourceTree = "<group>"; };
		B2F795ED2C583DBF004701EF /* PokemonService.swift */ = {isa = PBXFileReference; lastKnownFileType = sourcecode.swift; path = PokemonService.swift; sourceTree = "<group>"; };
		B2F795EF2C5859DD004701EF /* PokemonListMapper.swift */ = {isa = PBXFileReference; lastKnownFileType = sourcecode.swift; path = PokemonListMapper.swift; sourceTree = "<group>"; };
		B2F795F22C5862E2004701EF /* CodeHandler.swift */ = {isa = PBXFileReference; lastKnownFileType = sourcecode.swift; path = CodeHandler.swift; sourceTree = "<group>"; };
		B2F795F42C586926004701EF /* PokemonTableViewCell.swift */ = {isa = PBXFileReference; lastKnownFileType = sourcecode.swift; path = PokemonTableViewCell.swift; sourceTree = "<group>"; };
		B2F795F72C586FD1004701EF /* UIImageView+Extensions.swift */ = {isa = PBXFileReference; lastKnownFileType = sourcecode.swift; path = "UIImageView+Extensions.swift"; sourceTree = "<group>"; };
		B2F795F92C586FF4004701EF /* String+Extensions.swift */ = {isa = PBXFileReference; lastKnownFileType = sourcecode.swift; path = "String+Extensions.swift"; sourceTree = "<group>"; };
		B2F7960A2C598422004701EF /* TableView+Extensions.swift */ = {isa = PBXFileReference; lastKnownFileType = sourcecode.swift; path = "TableView+Extensions.swift"; sourceTree = "<group>"; };
		B2F796302C59858D004701EF /* PokemonScannerRouter.swift */ = {isa = PBXFileReference; fileEncoding = 4; lastKnownFileType = sourcecode.swift; path = PokemonScannerRouter.swift; sourceTree = "<group>"; };
		B2F796322C59858D004701EF /* PokemonScannerViewController.swift */ = {isa = PBXFileReference; fileEncoding = 4; lastKnownFileType = sourcecode.swift; path = PokemonScannerViewController.swift; sourceTree = "<group>"; };
		B2F796342C59858D004701EF /* PokemonScannerImages.swift */ = {isa = PBXFileReference; fileEncoding = 4; lastKnownFileType = sourcecode.swift; path = PokemonScannerImages.swift; sourceTree = "<group>"; };
		B2F796362C59858D004701EF /* PokemonScanner.strings */ = {isa = PBXFileReference; fileEncoding = 4; lastKnownFileType = text.plist.strings; path = PokemonScanner.strings; sourceTree = "<group>"; };
		B2F796372C59858D004701EF /* PokemonScannerStrings.swift */ = {isa = PBXFileReference; fileEncoding = 4; lastKnownFileType = sourcecode.swift; path = PokemonScannerStrings.swift; sourceTree = "<group>"; };
		B2F7963A2C59858D004701EF /* PokemonScannerViewModel.swift */ = {isa = PBXFileReference; fileEncoding = 4; lastKnownFileType = sourcecode.swift; path = PokemonScannerViewModel.swift; sourceTree = "<group>"; };
		B2F796422C598A37004701EF /* PokemonListHeaderView.swift */ = {isa = PBXFileReference; lastKnownFileType = sourcecode.swift; path = PokemonListHeaderView.swift; sourceTree = "<group>"; };
		B2F796442C598E25004701EF /* Array+Extensions.swift */ = {isa = PBXFileReference; lastKnownFileType = sourcecode.swift; path = "Array+Extensions.swift"; sourceTree = "<group>"; };
		B2F796462C5993FA004701EF /* PokemonClassifier2.mlmodel */ = {isa = PBXFileReference; lastKnownFileType = file.mlmodel; path = PokemonClassifier2.mlmodel; sourceTree = "<group>"; };
		B2F7964B2C59B7AD004701EF /* PokemonListResponse.swift */ = {isa = PBXFileReference; lastKnownFileType = sourcecode.swift; path = PokemonListResponse.swift; sourceTree = "<group>"; };
		B2F7964D2C59B7D5004701EF /* PokemonResponse.swift */ = {isa = PBXFileReference; lastKnownFileType = sourcecode.swift; path = PokemonResponse.swift; sourceTree = "<group>"; };
		B2F7964F2C59B800004701EF /* Pokemon.swift */ = {isa = PBXFileReference; lastKnownFileType = sourcecode.swift; path = Pokemon.swift; sourceTree = "<group>"; };
		B2F796512C59C4C3004701EF /* PokemonDetailEndpointProvider.swift */ = {isa = PBXFileReference; lastKnownFileType = sourcecode.swift; path = PokemonDetailEndpointProvider.swift; sourceTree = "<group>"; };
		B2F796532C5ABD70004701EF /* PokemonDetailResponse.swift */ = {isa = PBXFileReference; lastKnownFileType = sourcecode.swift; path = PokemonDetailResponse.swift; sourceTree = "<group>"; };
		B2F796552C5ABD9B004701EF /* PokemonDetail.swift */ = {isa = PBXFileReference; lastKnownFileType = sourcecode.swift; path = PokemonDetail.swift; sourceTree = "<group>"; };
		B2F796572C5AC1C5004701EF /* UIColor+Extensions.swift */ = {isa = PBXFileReference; lastKnownFileType = sourcecode.swift; path = "UIColor+Extensions.swift"; sourceTree = "<group>"; };
		B2F796592C5ACBCB004701EF /* Double+Extensions.swift */ = {isa = PBXFileReference; lastKnownFileType = sourcecode.swift; path = "Double+Extensions.swift"; sourceTree = "<group>"; };
		B2F7965C2C5ACCB1004701EF /* TransparentAndRoudedStackView.swift */ = {isa = PBXFileReference; lastKnownFileType = sourcecode.swift; path = TransparentAndRoudedStackView.swift; sourceTree = "<group>"; };
/* End PBXFileReference section */

/* Begin PBXFrameworksBuildPhase section */
		B246199B2C5821B900A9AF23 /* Frameworks */ = {
			isa = PBXFrameworksBuildPhase;
			buildActionMask = 2147483647;
			files = (
			);
			runOnlyForDeploymentPostprocessing = 0;
		};
		B24619B42C5821BC00A9AF23 /* Frameworks */ = {
			isa = PBXFrameworksBuildPhase;
			buildActionMask = 2147483647;
			files = (
			);
			runOnlyForDeploymentPostprocessing = 0;
		};
		B24619BE2C5821BC00A9AF23 /* Frameworks */ = {
			isa = PBXFrameworksBuildPhase;
			buildActionMask = 2147483647;
			files = (
			);
			runOnlyForDeploymentPostprocessing = 0;
		};
/* End PBXFrameworksBuildPhase section */

/* Begin PBXGroup section */
		B24619952C5821B900A9AF23 = {
			isa = PBXGroup;
			children = (
				B24619A02C5821B900A9AF23 /* Pokedex */,
				B24619BA2C5821BC00A9AF23 /* PokedexTests */,
				B24619C42C5821BC00A9AF23 /* PokedexUITests */,
				B246199F2C5821B900A9AF23 /* Products */,
			);
			sourceTree = "<group>";
		};
		B246199F2C5821B900A9AF23 /* Products */ = {
			isa = PBXGroup;
			children = (
				B246199E2C5821B900A9AF23 /* Pokedex.app */,
				B24619B72C5821BC00A9AF23 /* PokedexTests.xctest */,
				B24619C12C5821BC00A9AF23 /* PokedexUITests.xctest */,
			);
			name = Products;
			sourceTree = "<group>";
		};
		B24619A02C5821B900A9AF23 /* Pokedex */ = {
			isa = PBXGroup;
			children = (
				B2F796482C59B777004701EF /* DataModel */,
				B2F795E42C583C59004701EF /* Service */,
				B2F795DD2C583BE6004701EF /* Common */,
				B2F795D82C583B6E004701EF /* Networking */,
				B24619D42C5826B400A9AF23 /* Scenes */,
				B24619A12C5821B900A9AF23 /* AppDelegate.swift */,
				B24619A32C5821B900A9AF23 /* SceneDelegate.swift */,
				B2F796462C5993FA004701EF /* PokemonClassifier2.mlmodel */,
				B24619AD2C5821BC00A9AF23 /* Assets.xcassets */,
				B24619AF2C5821BC00A9AF23 /* LaunchScreen.storyboard */,
				B24619B22C5821BC00A9AF23 /* Info.plist */,
				B24619AA2C5821B900A9AF23 /* Pokedex.xcdatamodeld */,
			);
			path = Pokedex;
			sourceTree = "<group>";
		};
		B24619BA2C5821BC00A9AF23 /* PokedexTests */ = {
			isa = PBXGroup;
			children = (
				B24619BB2C5821BC00A9AF23 /* PokedexTests.swift */,
			);
			path = PokedexTests;
			sourceTree = "<group>";
		};
		B24619C42C5821BC00A9AF23 /* PokedexUITests */ = {
			isa = PBXGroup;
			children = (
				B24619C52C5821BC00A9AF23 /* PokedexUITests.swift */,
				B24619C72C5821BC00A9AF23 /* PokedexUITestsLaunchTests.swift */,
			);
			path = PokedexUITests;
			sourceTree = "<group>";
		};
		B24619D42C5826B400A9AF23 /* Scenes */ = {
			isa = PBXGroup;
			children = (
				B2F7960C2C59852D004701EF /* PokemonScanner */,
				B2F795BD2C5831B7004701EF /* PokemonDetail */,
				B2F795882C58279C004701EF /* PokemonList */,
			);
			path = Scenes;
			sourceTree = "<group>";
		};
		B2F795882C58279C004701EF /* PokemonList */ = {
			isa = PBXGroup;
			children = (
				B2F795B62C582820004701EF /* Resources */,
				B2F795AC2C582820004701EF /* Router */,
				B2F795B02C582820004701EF /* ViewModel */,
				B2F795AE2C582820004701EF /* Views */,
			);
			path = PokemonList;
			sourceTree = "<group>";
		};
		B2F795AC2C582820004701EF /* Router */ = {
			isa = PBXGroup;
			children = (
				B2F795AB2C582820004701EF /* PokemonListRouter.swift */,
			);
			path = Router;
			sourceTree = "<group>";
		};
		B2F795AE2C582820004701EF /* Views */ = {
			isa = PBXGroup;
			children = (
				B2F795AD2C582820004701EF /* PokemonListViewController.swift */,
				B2F795F42C586926004701EF /* PokemonTableViewCell.swift */,
				B2F796422C598A37004701EF /* PokemonListHeaderView.swift */,
			);
			path = Views;
			sourceTree = "<group>";
		};
		B2F795B02C582820004701EF /* ViewModel */ = {
			isa = PBXGroup;
			children = (
				B2F795AF2C582820004701EF /* PokemonListViewModel.swift */,
			);
			path = ViewModel;
			sourceTree = "<group>";
		};
		B2F795B22C582820004701EF /* Assets */ = {
			isa = PBXGroup;
			children = (
				B2F795B12C582820004701EF /* PokemonListImages.swift */,
			);
			path = Assets;
			sourceTree = "<group>";
		};
		B2F795B52C582820004701EF /* Strings */ = {
			isa = PBXGroup;
			children = (
				B2F795B32C582820004701EF /* PokemonList.strings */,
				B2F795B42C582820004701EF /* PokemonListStrings.swift */,
			);
			path = Strings;
			sourceTree = "<group>";
		};
		B2F795B62C582820004701EF /* Resources */ = {
			isa = PBXGroup;
			children = (
				B2F795B22C582820004701EF /* Assets */,
				B2F795B52C582820004701EF /* Strings */,
			);
			path = Resources;
			sourceTree = "<group>";
		};
		B2F795BD2C5831B7004701EF /* PokemonDetail */ = {
			isa = PBXGroup;
			children = (
				B2F795CF2C5831E0004701EF /* Resources */,
				B2F795C72C5831E0004701EF /* Router */,
				B2F795C92C5831E0004701EF /* ViewModel */,
				B2F795D12C5831E0004701EF /* Views */,
			);
			path = PokemonDetail;
			sourceTree = "<group>";
		};
		B2F795C72C5831E0004701EF /* Router */ = {
			isa = PBXGroup;
			children = (
				B2F795C62C5831E0004701EF /* PokemonDetailRouter.swift */,
			);
			path = Router;
			sourceTree = "<group>";
		};
		B2F795C92C5831E0004701EF /* ViewModel */ = {
			isa = PBXGroup;
			children = (
				B2F795C82C5831E0004701EF /* PokemonDetailViewModel.swift */,
			);
			path = ViewModel;
			sourceTree = "<group>";
		};
		B2F795CB2C5831E0004701EF /* Assets */ = {
			isa = PBXGroup;
			children = (
				B2F795CA2C5831E0004701EF /* PokemonDetailImages.swift */,
			);
			path = Assets;
			sourceTree = "<group>";
		};
		B2F795CE2C5831E0004701EF /* Strings */ = {
			isa = PBXGroup;
			children = (
				B2F795CC2C5831E0004701EF /* PokemonDetail.strings */,
				B2F795CD2C5831E0004701EF /* PokemonDetailStrings.swift */,
			);
			path = Strings;
			sourceTree = "<group>";
		};
		B2F795CF2C5831E0004701EF /* Resources */ = {
			isa = PBXGroup;
			children = (
				B2F795CB2C5831E0004701EF /* Assets */,
				B2F795CE2C5831E0004701EF /* Strings */,
			);
			path = Resources;
			sourceTree = "<group>";
		};
		B2F795D12C5831E0004701EF /* Views */ = {
			isa = PBXGroup;
			children = (
				B2F795D02C5831E0004701EF /* PokemonDetailViewController.swift */,
			);
			path = Views;
			sourceTree = "<group>";
		};
		B2F795D82C583B6E004701EF /* Networking */ = {
			isa = PBXGroup;
			children = (
				B2F795F12C586298004701EF /* Handlers */,
				B2F795E12C583C1D004701EF /* Enums */,
				B2F795D92C583B88004701EF /* HTTPClient.swift */,
			);
			path = Networking;
			sourceTree = "<group>";
		};
		B2F795DD2C583BE6004701EF /* Common */ = {
			isa = PBXGroup;
			children = (
				B2F7965B2C5ACC91004701EF /* CustomViews */,
				B2F795F62C586FA5004701EF /* Extensions */,
			);
			path = Common;
			sourceTree = "<group>";
		};
		B2F795E02C583BFD004701EF /* Mappers */ = {
			isa = PBXGroup;
			children = (
				B2F795EF2C5859DD004701EF /* PokemonListMapper.swift */,
			);
			path = Mappers;
			sourceTree = "<group>";
		};
		B2F795E12C583C1D004701EF /* Enums */ = {
			isa = PBXGroup;
			children = (
				B2F795DB2C583BD9004701EF /* NetworkResult.swift */,
			);
			path = Enums;
			sourceTree = "<group>";
		};
		B2F795E42C583C59004701EF /* Service */ = {
			isa = PBXGroup;
			children = (
				B2F795EC2C583DB0004701EF /* PokemonService */,
				B2F795E62C583CAE004701EF /* Enums */,
				B2F795E02C583BFD004701EF /* Mappers */,
				B2F795E52C583C7C004701EF /* ApiEndpoint */,
			);
			path = Service;
			sourceTree = "<group>";
		};
		B2F795E52C583C7C004701EF /* ApiEndpoint */ = {
			isa = PBXGroup;
			children = (
				B2F795E92C583CE3004701EF /* PokemonListProvider */,
				B2F795E72C583CC2004701EF /* ApiEndpoint.swift */,
			);
			path = ApiEndpoint;
			sourceTree = "<group>";
		};
		B2F795E62C583CAE004701EF /* Enums */ = {
			isa = PBXGroup;
			children = (
				B2F795E22C583C2F004701EF /* ApiError.swift */,
			);
			path = Enums;
			sourceTree = "<group>";
		};
		B2F795E92C583CE3004701EF /* PokemonListProvider */ = {
			isa = PBXGroup;
			children = (
				B2F795EA2C583CFB004701EF /* PokemonListEndpointProvider.swift */,
				B2F796512C59C4C3004701EF /* PokemonDetailEndpointProvider.swift */,
			);
			path = PokemonListProvider;
			sourceTree = "<group>";
		};
		B2F795EC2C583DB0004701EF /* PokemonService */ = {
			isa = PBXGroup;
			children = (
				B2F795ED2C583DBF004701EF /* PokemonService.swift */,
			);
			path = PokemonService;
			sourceTree = "<group>";
		};
		B2F795F12C586298004701EF /* Handlers */ = {
			isa = PBXGroup;
			children = (
				B2F795DE2C583BF1004701EF /* HttpRequestMaper.swift */,
				B2F795F22C5862E2004701EF /* CodeHandler.swift */,
			);
			path = Handlers;
			sourceTree = "<group>";
		};
		B2F795F62C586FA5004701EF /* Extensions */ = {
			isa = PBXGroup;
			children = (
				B2F795F72C586FD1004701EF /* UIImageView+Extensions.swift */,
				B2F795F92C586FF4004701EF /* String+Extensions.swift */,
				B2F7960A2C598422004701EF /* TableView+Extensions.swift */,
				B2F796442C598E25004701EF /* Array+Extensions.swift */,
				B2F796572C5AC1C5004701EF /* UIColor+Extensions.swift */,
				B2F796592C5ACBCB004701EF /* Double+Extensions.swift */,
			);
			path = Extensions;
			sourceTree = "<group>";
		};
		B2F7960C2C59852D004701EF /* PokemonScanner */ = {
			isa = PBXGroup;
			children = (
				B2F796392C59858D004701EF /* Resources */,
				B2F796312C59858D004701EF /* Router */,
				B2F7963B2C59858D004701EF /* ViewModel */,
				B2F796332C59858D004701EF /* Views */,
			);
			path = PokemonScanner;
			sourceTree = "<group>";
		};
		B2F796312C59858D004701EF /* Router */ = {
			isa = PBXGroup;
			children = (
				B2F796302C59858D004701EF /* PokemonScannerRouter.swift */,
			);
			path = Router;
			sourceTree = "<group>";
		};
		B2F796332C59858D004701EF /* Views */ = {
			isa = PBXGroup;
			children = (
				B2F796322C59858D004701EF /* PokemonScannerViewController.swift */,
			);
			path = Views;
			sourceTree = "<group>";
		};
		B2F796352C59858D004701EF /* Assets */ = {
			isa = PBXGroup;
			children = (
				B2F796342C59858D004701EF /* PokemonScannerImages.swift */,
			);
			path = Assets;
			sourceTree = "<group>";
		};
		B2F796382C59858D004701EF /* Strings */ = {
			isa = PBXGroup;
			children = (
				B2F796362C59858D004701EF /* PokemonScanner.strings */,
				B2F796372C59858D004701EF /* PokemonScannerStrings.swift */,
			);
			path = Strings;
			sourceTree = "<group>";
		};
		B2F796392C59858D004701EF /* Resources */ = {
			isa = PBXGroup;
			children = (
				B2F796352C59858D004701EF /* Assets */,
				B2F796382C59858D004701EF /* Strings */,
			);
			path = Resources;
			sourceTree = "<group>";
		};
		B2F7963B2C59858D004701EF /* ViewModel */ = {
			isa = PBXGroup;
			children = (
				B2F7963A2C59858D004701EF /* PokemonScannerViewModel.swift */,
			);
			path = ViewModel;
			sourceTree = "<group>";
		};
		B2F796482C59B777004701EF /* DataModel */ = {
			isa = PBXGroup;
			children = (
				B2F7964A2C59B792004701EF /* DomainModel */,
				B2F796492C59B786004701EF /* ResponseData */,
			);
			path = DataModel;
			sourceTree = "<group>";
		};
		B2F796492C59B786004701EF /* ResponseData */ = {
			isa = PBXGroup;
			children = (
				B2F7964B2C59B7AD004701EF /* PokemonListResponse.swift */,
				B2F7964D2C59B7D5004701EF /* PokemonResponse.swift */,
				B2F796532C5ABD70004701EF /* PokemonDetailResponse.swift */,
			);
			path = ResponseData;
			sourceTree = "<group>";
		};
		B2F7964A2C59B792004701EF /* DomainModel */ = {
			isa = PBXGroup;
			children = (
				B2F7964F2C59B800004701EF /* Pokemon.swift */,
				B2F796552C5ABD9B004701EF /* PokemonDetail.swift */,
			);
			path = DomainModel;
			sourceTree = "<group>";
		};
		B2F7965B2C5ACC91004701EF /* CustomViews */ = {
			isa = PBXGroup;
			children = (
				B2F7965C2C5ACCB1004701EF /* TransparentAndRoudedStackView.swift */,
			);
			path = CustomViews;
			sourceTree = "<group>";
		};
/* End PBXGroup section */

/* Begin PBXNativeTarget section */
		B246199D2C5821B900A9AF23 /* Pokedex */ = {
			isa = PBXNativeTarget;
			buildConfigurationList = B24619CB2C5821BC00A9AF23 /* Build configuration list for PBXNativeTarget "Pokedex" */;
			buildPhases = (
				B246199A2C5821B900A9AF23 /* Sources */,
				B246199B2C5821B900A9AF23 /* Frameworks */,
				B246199C2C5821B900A9AF23 /* Resources */,
			);
			buildRules = (
			);
			dependencies = (
			);
			name = Pokedex;
			productName = Pokedex;
			productReference = B246199E2C5821B900A9AF23 /* Pokedex.app */;
			productType = "com.apple.product-type.application";
		};
		B24619B62C5821BC00A9AF23 /* PokedexTests */ = {
			isa = PBXNativeTarget;
			buildConfigurationList = B24619CE2C5821BC00A9AF23 /* Build configuration list for PBXNativeTarget "PokedexTests" */;
			buildPhases = (
				B24619B32C5821BC00A9AF23 /* Sources */,
				B24619B42C5821BC00A9AF23 /* Frameworks */,
				B24619B52C5821BC00A9AF23 /* Resources */,
			);
			buildRules = (
			);
			dependencies = (
				B24619B92C5821BC00A9AF23 /* PBXTargetDependency */,
			);
			name = PokedexTests;
			productName = PokedexTests;
			productReference = B24619B72C5821BC00A9AF23 /* PokedexTests.xctest */;
			productType = "com.apple.product-type.bundle.unit-test";
		};
		B24619C02C5821BC00A9AF23 /* PokedexUITests */ = {
			isa = PBXNativeTarget;
			buildConfigurationList = B24619D12C5821BC00A9AF23 /* Build configuration list for PBXNativeTarget "PokedexUITests" */;
			buildPhases = (
				B24619BD2C5821BC00A9AF23 /* Sources */,
				B24619BE2C5821BC00A9AF23 /* Frameworks */,
				B24619BF2C5821BC00A9AF23 /* Resources */,
			);
			buildRules = (
			);
			dependencies = (
				B24619C32C5821BC00A9AF23 /* PBXTargetDependency */,
			);
			name = PokedexUITests;
			productName = PokedexUITests;
			productReference = B24619C12C5821BC00A9AF23 /* PokedexUITests.xctest */;
			productType = "com.apple.product-type.bundle.ui-testing";
		};
/* End PBXNativeTarget section */

/* Begin PBXProject section */
		B24619962C5821B900A9AF23 /* Project object */ = {
			isa = PBXProject;
			attributes = {
				BuildIndependentTargetsInParallel = 1;
				LastSwiftUpdateCheck = 1540;
				LastUpgradeCheck = 1540;
				TargetAttributes = {
					B246199D2C5821B900A9AF23 = {
						CreatedOnToolsVersion = 15.4;
					};
					B24619B62C5821BC00A9AF23 = {
						CreatedOnToolsVersion = 15.4;
						TestTargetID = B246199D2C5821B900A9AF23;
					};
					B24619C02C5821BC00A9AF23 = {
						CreatedOnToolsVersion = 15.4;
						TestTargetID = B246199D2C5821B900A9AF23;
					};
				};
			};
			buildConfigurationList = B24619992C5821B900A9AF23 /* Build configuration list for PBXProject "Pokedex" */;
			compatibilityVersion = "Xcode 14.0";
			developmentRegion = en;
			hasScannedForEncodings = 0;
			knownRegions = (
				en,
				Base,
			);
			mainGroup = B24619952C5821B900A9AF23;
			productRefGroup = B246199F2C5821B900A9AF23 /* Products */;
			projectDirPath = "";
			projectRoot = "";
			targets = (
				B246199D2C5821B900A9AF23 /* Pokedex */,
				B24619B62C5821BC00A9AF23 /* PokedexTests */,
				B24619C02C5821BC00A9AF23 /* PokedexUITests */,
			);
		};
/* End PBXProject section */

/* Begin PBXResourcesBuildPhase section */
		B246199C2C5821B900A9AF23 /* Resources */ = {
			isa = PBXResourcesBuildPhase;
			buildActionMask = 2147483647;
			files = (
				B2F795BB2C582820004701EF /* PokemonList.strings in Resources */,
				B2F7963F2C59858D004701EF /* PokemonScanner.strings in Resources */,
				B2F795D52C5831E0004701EF /* PokemonDetail.strings in Resources */,
				B24619AE2C5821BC00A9AF23 /* Assets.xcassets in Resources */,
				B24619B12C5821BC00A9AF23 /* Base in Resources */,
			);
			runOnlyForDeploymentPostprocessing = 0;
		};
		B24619B52C5821BC00A9AF23 /* Resources */ = {
			isa = PBXResourcesBuildPhase;
			buildActionMask = 2147483647;
			files = (
			);
			runOnlyForDeploymentPostprocessing = 0;
		};
		B24619BF2C5821BC00A9AF23 /* Resources */ = {
			isa = PBXResourcesBuildPhase;
			buildActionMask = 2147483647;
			files = (
			);
			runOnlyForDeploymentPostprocessing = 0;
		};
/* End PBXResourcesBuildPhase section */

/* Begin PBXSourcesBuildPhase section */
		B246199A2C5821B900A9AF23 /* Sources */ = {
			isa = PBXSourcesBuildPhase;
			buildActionMask = 2147483647;
			files = (
				B2F795E82C583CC2004701EF /* ApiEndpoint.swift in Sources */,
				B2F795B72C582820004701EF /* PokemonListRouter.swift in Sources */,
				B2F796562C5ABD9B004701EF /* PokemonDetail.swift in Sources */,
				B2F796472C5993FA004701EF /* PokemonClassifier2.mlmodel in Sources */,
				B2F7963E2C59858D004701EF /* PokemonScannerImages.swift in Sources */,
				B2F795D22C5831E0004701EF /* PokemonDetailRouter.swift in Sources */,
				B2F796432C598A37004701EF /* PokemonListHeaderView.swift in Sources */,
				B2F795D42C5831E0004701EF /* PokemonDetailImages.swift in Sources */,
				B2F795BC2C582820004701EF /* PokemonListStrings.swift in Sources */,
				B2F7965D2C5ACCB1004701EF /* TransparentAndRoudedStackView.swift in Sources */,
				B2F795F32C5862E2004701EF /* CodeHandler.swift in Sources */,
				B2F796412C59858D004701EF /* PokemonScannerViewModel.swift in Sources */,
				B2F795D62C5831E0004701EF /* PokemonDetailStrings.swift in Sources */,
				B2F795E32C583C2F004701EF /* ApiError.swift in Sources */,
				B24619AC2C5821B900A9AF23 /* Pokedex.xcdatamodeld in Sources */,
				B2F795F52C586926004701EF /* PokemonTableViewCell.swift in Sources */,
				B2F795F82C586FD1004701EF /* UIImageView+Extensions.swift in Sources */,
				B2F7963D2C59858D004701EF /* PokemonScannerViewController.swift in Sources */,
				B2F795DC2C583BD9004701EF /* NetworkResult.swift in Sources */,
				B2F7963C2C59858D004701EF /* PokemonScannerRouter.swift in Sources */,
				B24619A22C5821B900A9AF23 /* AppDelegate.swift in Sources */,
				B2F795FA2C586FF4004701EF /* String+Extensions.swift in Sources */,
				B2F795EE2C583DBF004701EF /* PokemonService.swift in Sources */,
				B2F795DF2C583BF1004701EF /* HttpRequestMaper.swift in Sources */,
				B2F795EB2C583CFB004701EF /* PokemonListEndpointProvider.swift in Sources */,
				B2F795B92C582820004701EF /* PokemonListViewModel.swift in Sources */,
				B2F7960B2C598422004701EF /* TableView+Extensions.swift in Sources */,
				B2F795D72C5831E0004701EF /* PokemonDetailViewController.swift in Sources */,
				B2F796452C598E25004701EF /* Array+Extensions.swift in Sources */,
				B2F796522C59C4C3004701EF /* PokemonDetailEndpointProvider.swift in Sources */,
				B2F796402C59858D004701EF /* PokemonScannerStrings.swift in Sources */,
				B2F7965A2C5ACBCB004701EF /* Double+Extensions.swift in Sources */,
				B2F795BA2C582820004701EF /* PokemonListImages.swift in Sources */,
				B2F795DA2C583B88004701EF /* HTTPClient.swift in Sources */,
				B2F795D32C5831E0004701EF /* PokemonDetailViewModel.swift in Sources */,
				B2F795B82C582820004701EF /* PokemonListViewController.swift in Sources */,
				B2F7964E2C59B7D5004701EF /* PokemonResponse.swift in Sources */,
				B2F7964C2C59B7AD004701EF /* PokemonListResponse.swift in Sources */,
				B2F795F02C5859DD004701EF /* PokemonListMapper.swift in Sources */,
				B24619A42C5821B900A9AF23 /* SceneDelegate.swift in Sources */,
				B2F796582C5AC1C5004701EF /* UIColor+Extensions.swift in Sources */,
				B2F796502C59B800004701EF /* Pokemon.swift in Sources */,
				B2F796542C5ABD70004701EF /* PokemonDetailResponse.swift in Sources */,
			);
			runOnlyForDeploymentPostprocessing = 0;
		};
		B24619B32C5821BC00A9AF23 /* Sources */ = {
			isa = PBXSourcesBuildPhase;
			buildActionMask = 2147483647;
			files = (
				B24619BC2C5821BC00A9AF23 /* PokedexTests.swift in Sources */,
			);
			runOnlyForDeploymentPostprocessing = 0;
		};
		B24619BD2C5821BC00A9AF23 /* Sources */ = {
			isa = PBXSourcesBuildPhase;
			buildActionMask = 2147483647;
			files = (
				B24619C62C5821BC00A9AF23 /* PokedexUITests.swift in Sources */,
				B24619C82C5821BC00A9AF23 /* PokedexUITestsLaunchTests.swift in Sources */,
			);
			runOnlyForDeploymentPostprocessing = 0;
		};
/* End PBXSourcesBuildPhase section */

/* Begin PBXTargetDependency section */
		B24619B92C5821BC00A9AF23 /* PBXTargetDependency */ = {
			isa = PBXTargetDependency;
			target = B246199D2C5821B900A9AF23 /* Pokedex */;
			targetProxy = B24619B82C5821BC00A9AF23 /* PBXContainerItemProxy */;
		};
		B24619C32C5821BC00A9AF23 /* PBXTargetDependency */ = {
			isa = PBXTargetDependency;
			target = B246199D2C5821B900A9AF23 /* Pokedex */;
			targetProxy = B24619C22C5821BC00A9AF23 /* PBXContainerItemProxy */;
		};
/* End PBXTargetDependency section */

/* Begin PBXVariantGroup section */
		B24619AF2C5821BC00A9AF23 /* LaunchScreen.storyboard */ = {
			isa = PBXVariantGroup;
			children = (
				B24619B02C5821BC00A9AF23 /* Base */,
			);
			name = LaunchScreen.storyboard;
			sourceTree = "<group>";
		};
/* End PBXVariantGroup section */

/* Begin XCBuildConfiguration section */
		B24619C92C5821BC00A9AF23 /* Debug */ = {
			isa = XCBuildConfiguration;
			buildSettings = {
				ALWAYS_SEARCH_USER_PATHS = NO;
				ASSETCATALOG_COMPILER_GENERATE_SWIFT_ASSET_SYMBOL_EXTENSIONS = YES;
				CLANG_ANALYZER_NONNULL = YES;
				CLANG_ANALYZER_NUMBER_OBJECT_CONVERSION = YES_AGGRESSIVE;
				CLANG_CXX_LANGUAGE_STANDARD = "gnu++20";
				CLANG_ENABLE_MODULES = YES;
				CLANG_ENABLE_OBJC_ARC = YES;
				CLANG_ENABLE_OBJC_WEAK = YES;
				CLANG_WARN_BLOCK_CAPTURE_AUTORELEASING = YES;
				CLANG_WARN_BOOL_CONVERSION = YES;
				CLANG_WARN_COMMA = YES;
				CLANG_WARN_CONSTANT_CONVERSION = YES;
				CLANG_WARN_DEPRECATED_OBJC_IMPLEMENTATIONS = YES;
				CLANG_WARN_DIRECT_OBJC_ISA_USAGE = YES_ERROR;
				CLANG_WARN_DOCUMENTATION_COMMENTS = YES;
				CLANG_WARN_EMPTY_BODY = YES;
				CLANG_WARN_ENUM_CONVERSION = YES;
				CLANG_WARN_INFINITE_RECURSION = YES;
				CLANG_WARN_INT_CONVERSION = YES;
				CLANG_WARN_NON_LITERAL_NULL_CONVERSION = YES;
				CLANG_WARN_OBJC_IMPLICIT_RETAIN_SELF = YES;
				CLANG_WARN_OBJC_LITERAL_CONVERSION = YES;
				CLANG_WARN_OBJC_ROOT_CLASS = YES_ERROR;
				CLANG_WARN_QUOTED_INCLUDE_IN_FRAMEWORK_HEADER = YES;
				CLANG_WARN_RANGE_LOOP_ANALYSIS = YES;
				CLANG_WARN_STRICT_PROTOTYPES = YES;
				CLANG_WARN_SUSPICIOUS_MOVE = YES;
				CLANG_WARN_UNGUARDED_AVAILABILITY = YES_AGGRESSIVE;
				CLANG_WARN_UNREACHABLE_CODE = YES;
				CLANG_WARN__DUPLICATE_METHOD_MATCH = YES;
				COPY_PHASE_STRIP = NO;
				DEBUG_INFORMATION_FORMAT = dwarf;
				ENABLE_STRICT_OBJC_MSGSEND = YES;
				ENABLE_TESTABILITY = YES;
				ENABLE_USER_SCRIPT_SANDBOXING = YES;
				GCC_C_LANGUAGE_STANDARD = gnu17;
				GCC_DYNAMIC_NO_PIC = NO;
				GCC_NO_COMMON_BLOCKS = YES;
				GCC_OPTIMIZATION_LEVEL = 0;
				GCC_PREPROCESSOR_DEFINITIONS = (
					"DEBUG=1",
					"$(inherited)",
				);
				GCC_WARN_64_TO_32_BIT_CONVERSION = YES;
				GCC_WARN_ABOUT_RETURN_TYPE = YES_ERROR;
				GCC_WARN_UNDECLARED_SELECTOR = YES;
				GCC_WARN_UNINITIALIZED_AUTOS = YES_AGGRESSIVE;
				GCC_WARN_UNUSED_FUNCTION = YES;
				GCC_WARN_UNUSED_VARIABLE = YES;
				IPHONEOS_DEPLOYMENT_TARGET = 17.5;
				LOCALIZATION_PREFERS_STRING_CATALOGS = YES;
				MTL_ENABLE_DEBUG_INFO = INCLUDE_SOURCE;
				MTL_FAST_MATH = YES;
				ONLY_ACTIVE_ARCH = YES;
				SDKROOT = iphoneos;
				SWIFT_ACTIVE_COMPILATION_CONDITIONS = "DEBUG $(inherited)";
				SWIFT_OPTIMIZATION_LEVEL = "-Onone";
			};
			name = Debug;
		};
		B24619CA2C5821BC00A9AF23 /* Release */ = {
			isa = XCBuildConfiguration;
			buildSettings = {
				ALWAYS_SEARCH_USER_PATHS = NO;
				ASSETCATALOG_COMPILER_GENERATE_SWIFT_ASSET_SYMBOL_EXTENSIONS = YES;
				CLANG_ANALYZER_NONNULL = YES;
				CLANG_ANALYZER_NUMBER_OBJECT_CONVERSION = YES_AGGRESSIVE;
				CLANG_CXX_LANGUAGE_STANDARD = "gnu++20";
				CLANG_ENABLE_MODULES = YES;
				CLANG_ENABLE_OBJC_ARC = YES;
				CLANG_ENABLE_OBJC_WEAK = YES;
				CLANG_WARN_BLOCK_CAPTURE_AUTORELEASING = YES;
				CLANG_WARN_BOOL_CONVERSION = YES;
				CLANG_WARN_COMMA = YES;
				CLANG_WARN_CONSTANT_CONVERSION = YES;
				CLANG_WARN_DEPRECATED_OBJC_IMPLEMENTATIONS = YES;
				CLANG_WARN_DIRECT_OBJC_ISA_USAGE = YES_ERROR;
				CLANG_WARN_DOCUMENTATION_COMMENTS = YES;
				CLANG_WARN_EMPTY_BODY = YES;
				CLANG_WARN_ENUM_CONVERSION = YES;
				CLANG_WARN_INFINITE_RECURSION = YES;
				CLANG_WARN_INT_CONVERSION = YES;
				CLANG_WARN_NON_LITERAL_NULL_CONVERSION = YES;
				CLANG_WARN_OBJC_IMPLICIT_RETAIN_SELF = YES;
				CLANG_WARN_OBJC_LITERAL_CONVERSION = YES;
				CLANG_WARN_OBJC_ROOT_CLASS = YES_ERROR;
				CLANG_WARN_QUOTED_INCLUDE_IN_FRAMEWORK_HEADER = YES;
				CLANG_WARN_RANGE_LOOP_ANALYSIS = YES;
				CLANG_WARN_STRICT_PROTOTYPES = YES;
				CLANG_WARN_SUSPICIOUS_MOVE = YES;
				CLANG_WARN_UNGUARDED_AVAILABILITY = YES_AGGRESSIVE;
				CLANG_WARN_UNREACHABLE_CODE = YES;
				CLANG_WARN__DUPLICATE_METHOD_MATCH = YES;
				COPY_PHASE_STRIP = NO;
				DEBUG_INFORMATION_FORMAT = "dwarf-with-dsym";
				ENABLE_NS_ASSERTIONS = NO;
				ENABLE_STRICT_OBJC_MSGSEND = YES;
				ENABLE_USER_SCRIPT_SANDBOXING = YES;
				GCC_C_LANGUAGE_STANDARD = gnu17;
				GCC_NO_COMMON_BLOCKS = YES;
				GCC_WARN_64_TO_32_BIT_CONVERSION = YES;
				GCC_WARN_ABOUT_RETURN_TYPE = YES_ERROR;
				GCC_WARN_UNDECLARED_SELECTOR = YES;
				GCC_WARN_UNINITIALIZED_AUTOS = YES_AGGRESSIVE;
				GCC_WARN_UNUSED_FUNCTION = YES;
				GCC_WARN_UNUSED_VARIABLE = YES;
				IPHONEOS_DEPLOYMENT_TARGET = 17.5;
				LOCALIZATION_PREFERS_STRING_CATALOGS = YES;
				MTL_ENABLE_DEBUG_INFO = NO;
				MTL_FAST_MATH = YES;
				SDKROOT = iphoneos;
				SWIFT_COMPILATION_MODE = wholemodule;
				VALIDATE_PRODUCT = YES;
			};
			name = Release;
		};
		B24619CC2C5821BC00A9AF23 /* Debug */ = {
			isa = XCBuildConfiguration;
			buildSettings = {
				ASSETCATALOG_COMPILER_APPICON_NAME = AppIcon;
				ASSETCATALOG_COMPILER_GLOBAL_ACCENT_COLOR_NAME = AccentColor;
				CODE_SIGN_STYLE = Automatic;
				CURRENT_PROJECT_VERSION = 1;
				DEVELOPMENT_TEAM = 687YR5NDFA;
				GENERATE_INFOPLIST_FILE = YES;
				INFOPLIST_FILE = Pokedex/Info.plist;
				INFOPLIST_KEY_UIApplicationSupportsIndirectInputEvents = YES;
				INFOPLIST_KEY_UILaunchStoryboardName = LaunchScreen;
				INFOPLIST_KEY_UISupportedInterfaceOrientations_iPad = "UIInterfaceOrientationPortrait UIInterfaceOrientationPortraitUpsideDown UIInterfaceOrientationLandscapeLeft UIInterfaceOrientationLandscapeRight";
				INFOPLIST_KEY_UISupportedInterfaceOrientations_iPhone = "UIInterfaceOrientationPortrait UIInterfaceOrientationLandscapeLeft UIInterfaceOrientationLandscapeRight";
				LD_RUNPATH_SEARCH_PATHS = (
					"$(inherited)",
					"@executable_path/Frameworks",
				);
				MARKETING_VERSION = 1.0;
				PRODUCT_BUNDLE_IDENTIFIER = "Guilerme-Barciki.Pokedex";
				PRODUCT_NAME = "$(TARGET_NAME)";
				SWIFT_EMIT_LOC_STRINGS = YES;
				SWIFT_VERSION = 5.0;
				TARGETED_DEVICE_FAMILY = "1,2";
			};
			name = Debug;
		};
		B24619CD2C5821BC00A9AF23 /* Release */ = {
			isa = XCBuildConfiguration;
			buildSettings = {
				ASSETCATALOG_COMPILER_APPICON_NAME = AppIcon;
				ASSETCATALOG_COMPILER_GLOBAL_ACCENT_COLOR_NAME = AccentColor;
				CODE_SIGN_STYLE = Automatic;
				CURRENT_PROJECT_VERSION = 1;
				DEVELOPMENT_TEAM = 687YR5NDFA;
				GENERATE_INFOPLIST_FILE = YES;
				INFOPLIST_FILE = Pokedex/Info.plist;
				INFOPLIST_KEY_UIApplicationSupportsIndirectInputEvents = YES;
				INFOPLIST_KEY_UILaunchStoryboardName = LaunchScreen;
				INFOPLIST_KEY_UISupportedInterfaceOrientations_iPad = "UIInterfaceOrientationPortrait UIInterfaceOrientationPortraitUpsideDown UIInterfaceOrientationLandscapeLeft UIInterfaceOrientationLandscapeRight";
				INFOPLIST_KEY_UISupportedInterfaceOrientations_iPhone = "UIInterfaceOrientationPortrait UIInterfaceOrientationLandscapeLeft UIInterfaceOrientationLandscapeRight";
				LD_RUNPATH_SEARCH_PATHS = (
					"$(inherited)",
					"@executable_path/Frameworks",
				);
				MARKETING_VERSION = 1.0;
				PRODUCT_BUNDLE_IDENTIFIER = "Guilerme-Barciki.Pokedex";
				PRODUCT_NAME = "$(TARGET_NAME)";
				SWIFT_EMIT_LOC_STRINGS = YES;
				SWIFT_VERSION = 5.0;
				TARGETED_DEVICE_FAMILY = "1,2";
			};
			name = Release;
		};
		B24619CF2C5821BC00A9AF23 /* Debug */ = {
			isa = XCBuildConfiguration;
			buildSettings = {
				ALWAYS_EMBED_SWIFT_STANDARD_LIBRARIES = YES;
				BUNDLE_LOADER = "$(TEST_HOST)";
				CODE_SIGN_STYLE = Automatic;
				CURRENT_PROJECT_VERSION = 1;
				DEVELOPMENT_TEAM = 687YR5NDFA;
				GENERATE_INFOPLIST_FILE = YES;
				IPHONEOS_DEPLOYMENT_TARGET = 17.5;
				MARKETING_VERSION = 1.0;
				PRODUCT_BUNDLE_IDENTIFIER = "Guilerme-Barciki.PokedexTests";
				PRODUCT_NAME = "$(TARGET_NAME)";
				SWIFT_EMIT_LOC_STRINGS = NO;
				SWIFT_VERSION = 5.0;
				TARGETED_DEVICE_FAMILY = "1,2";
				TEST_HOST = "$(BUILT_PRODUCTS_DIR)/Pokedex.app/$(BUNDLE_EXECUTABLE_FOLDER_PATH)/Pokedex";
			};
			name = Debug;
		};
		B24619D02C5821BC00A9AF23 /* Release */ = {
			isa = XCBuildConfiguration;
			buildSettings = {
				ALWAYS_EMBED_SWIFT_STANDARD_LIBRARIES = YES;
				BUNDLE_LOADER = "$(TEST_HOST)";
				CODE_SIGN_STYLE = Automatic;
				CURRENT_PROJECT_VERSION = 1;
				DEVELOPMENT_TEAM = 687YR5NDFA;
				GENERATE_INFOPLIST_FILE = YES;
				IPHONEOS_DEPLOYMENT_TARGET = 17.5;
				MARKETING_VERSION = 1.0;
				PRODUCT_BUNDLE_IDENTIFIER = "Guilerme-Barciki.PokedexTests";
				PRODUCT_NAME = "$(TARGET_NAME)";
				SWIFT_EMIT_LOC_STRINGS = NO;
				SWIFT_VERSION = 5.0;
				TARGETED_DEVICE_FAMILY = "1,2";
				TEST_HOST = "$(BUILT_PRODUCTS_DIR)/Pokedex.app/$(BUNDLE_EXECUTABLE_FOLDER_PATH)/Pokedex";
			};
			name = Release;
		};
		B24619D22C5821BC00A9AF23 /* Debug */ = {
			isa = XCBuildConfiguration;
			buildSettings = {
				ALWAYS_EMBED_SWIFT_STANDARD_LIBRARIES = YES;
				CODE_SIGN_STYLE = Automatic;
				CURRENT_PROJECT_VERSION = 1;
				DEVELOPMENT_TEAM = 687YR5NDFA;
				GENERATE_INFOPLIST_FILE = YES;
				MARKETING_VERSION = 1.0;
				PRODUCT_BUNDLE_IDENTIFIER = "Guilerme-Barciki.PokedexUITests";
				PRODUCT_NAME = "$(TARGET_NAME)";
				SWIFT_EMIT_LOC_STRINGS = NO;
				SWIFT_VERSION = 5.0;
				TARGETED_DEVICE_FAMILY = "1,2";
				TEST_TARGET_NAME = Pokedex;
			};
			name = Debug;
		};
		B24619D32C5821BC00A9AF23 /* Release */ = {
			isa = XCBuildConfiguration;
			buildSettings = {
				ALWAYS_EMBED_SWIFT_STANDARD_LIBRARIES = YES;
				CODE_SIGN_STYLE = Automatic;
				CURRENT_PROJECT_VERSION = 1;
				DEVELOPMENT_TEAM = 687YR5NDFA;
				GENERATE_INFOPLIST_FILE = YES;
				MARKETING_VERSION = 1.0;
				PRODUCT_BUNDLE_IDENTIFIER = "Guilerme-Barciki.PokedexUITests";
				PRODUCT_NAME = "$(TARGET_NAME)";
				SWIFT_EMIT_LOC_STRINGS = NO;
				SWIFT_VERSION = 5.0;
				TARGETED_DEVICE_FAMILY = "1,2";
				TEST_TARGET_NAME = Pokedex;
			};
			name = Release;
		};
/* End XCBuildConfiguration section */

/* Begin XCConfigurationList section */
		B24619992C5821B900A9AF23 /* Build configuration list for PBXProject "Pokedex" */ = {
			isa = XCConfigurationList;
			buildConfigurations = (
				B24619C92C5821BC00A9AF23 /* Debug */,
				B24619CA2C5821BC00A9AF23 /* Release */,
			);
			defaultConfigurationIsVisible = 0;
			defaultConfigurationName = Release;
		};
		B24619CB2C5821BC00A9AF23 /* Build configuration list for PBXNativeTarget "Pokedex" */ = {
			isa = XCConfigurationList;
			buildConfigurations = (
				B24619CC2C5821BC00A9AF23 /* Debug */,
				B24619CD2C5821BC00A9AF23 /* Release */,
			);
			defaultConfigurationIsVisible = 0;
			defaultConfigurationName = Release;
		};
		B24619CE2C5821BC00A9AF23 /* Build configuration list for PBXNativeTarget "PokedexTests" */ = {
			isa = XCConfigurationList;
			buildConfigurations = (
				B24619CF2C5821BC00A9AF23 /* Debug */,
				B24619D02C5821BC00A9AF23 /* Release */,
			);
			defaultConfigurationIsVisible = 0;
			defaultConfigurationName = Release;
		};
		B24619D12C5821BC00A9AF23 /* Build configuration list for PBXNativeTarget "PokedexUITests" */ = {
			isa = XCConfigurationList;
			buildConfigurations = (
				B24619D22C5821BC00A9AF23 /* Debug */,
				B24619D32C5821BC00A9AF23 /* Release */,
			);
			defaultConfigurationIsVisible = 0;
			defaultConfigurationName = Release;
		};
/* End XCConfigurationList section */

/* Begin XCVersionGroup section */
		B24619AA2C5821B900A9AF23 /* Pokedex.xcdatamodeld */ = {
			isa = XCVersionGroup;
			children = (
				B24619AB2C5821B900A9AF23 /* Pokedex.xcdatamodel */,
			);
			currentVersion = B24619AB2C5821B900A9AF23 /* Pokedex.xcdatamodel */;
			path = Pokedex.xcdatamodeld;
			sourceTree = "<group>";
			versionGroupType = wrapper.xcdatamodel;
		};
/* End XCVersionGroup section */
	};
	rootObject = B24619962C5821B900A9AF23 /* Project object */;
}
